
Microsoft Visual Studio Solution File, Format Version 12.00
# Visual Studio 15
VisualStudioVersion = 15.0.26730.12
MinimumVisualStudioVersion = 10.0.40219.1
Project("{FAE04EC0-301F-11D3-BF4B-00C04F79EFBC}") = "SimpleRFDS.FileServer", "SimpleRFDS.FileServer\SimpleRFDS.FileServer.csproj", "{3C11752A-BAC1-45B2-8EBD-5A032AC78A82}"
EndProject
Project("{FAE04EC0-301F-11D3-BF4B-00C04F79EFBC}") = "SimpleRFDS.Client", "SimpleRFDS.Client\SimpleRFDS.Client.csproj", "{4337BA12-7D2B-4919-983C-4B2C92479419}"
EndProject
Project("{FAE04EC0-301F-11D3-BF4B-00C04F79EFBC}") = "DataType", "DataType\DataType.csproj", "{1D564098-8817-4854-A0EA-AE1A9B6AFA94}"
EndProject
Global
	GlobalSection(SolutionConfigurationPlatforms) = preSolution
		Debug|Any CPU = Debug|Any CPU
		Release|Any CPU = Release|Any CPU
	EndGlobalSection
	GlobalSection(ProjectConfigurationPlatforms) = postSolution
		{3C11752A-BAC1-45B2-8EBD-5A032AC78A82}.Debug|Any CPU.ActiveCfg = Debug|Any CPU
		{3C11752A-BAC1-45B2-8EBD-5A032AC78A82}.Debug|Any CPU.Build.0 = Debug|Any CPU
		{3C11752A-BAC1-45B2-8EBD-5A032AC78A82}.Release|Any CPU.ActiveCfg = Release|Any CPU
		{3C11752A-BAC1-45B2-8EBD-5A032AC78A82}.Release|Any CPU.Build.0 = Release|Any CPU
		{4337BA12-7D2B-4919-983C-4B2C92479419}.Debug|Any CPU.ActiveCfg = Debug|Any CPU
		{4337BA12-7D2B-4919-983C-4B2C92479419}.Debug|Any CPU.Build.0 = Debug|Any CPU
		{4337BA12-7D2B-4919-983C-4B2C92479419}.Release|Any CPU.ActiveCfg = Release|Any CPU
		{4337BA12-7D2B-4919-983C-4B2C92479419}.Release|Any CPU.Build.0 = Release|Any CPU
		{1D564098-8817-4854-A0EA-AE1A9B6AFA94}.Debug|Any CPU.ActiveCfg = Debug|Any CPU
		{1D564098-8817-4854-A0EA-AE1A9B6AFA94}.Debug|Any CPU.Build.0 = Debug|Any CPU
		{1D564098-8817-4854-A0EA-AE1A9B6AFA94}.Release|Any CPU.ActiveCfg = Release|Any CPU
		{1D564098-8817-4854-A0EA-AE1A9B6AFA94}.Release|Any CPU.Build.0 = Release|Any CPU
	EndGlobalSection
	GlobalSection(SolutionProperties) = preSolution
		HideSolutionNode = FALSE
	EndGlobalSection
	GlobalSection(ExtensibilityGlobals) = postSolution
		SolutionGuid = {866D017D-3188-4480-8E6C-0F5394A5D67C}
	EndGlobalSection
EndGlobal
